{
    "name": "extensionsjs-tests",
    "version": "1.0.0",
    "lockfileVersion": 1,
    "requires": true,
    "dependencies": {
        "extensionsjs-array": {
            "version": "file:../../../../Node.js/Registries/extensionsjs-array/1.4.7",
            "dev": true
        },
        "extensionsjs-boolean": {
            "version": "file:../../../../Node.js/Registries/extensionsjs-boolean/1.0.3",
            "dev": true
        },
        "extensionsjs-events": {
            "version": "file:../../../../Node.js/Registries/extensionsjs-events/1.2.3",
            "dev": true
        },
        "extensionsjs-math": {
            "version": "file:../../../../Node.js/Registries/extensionsjs-math/1.0.3",
            "dev": true
        },
        "extensionsjs-number": {
            "version": "file:../../../../Node.js/Registries/extensionsjs-number/1.0.3",
            "dev": true
        },
        "extensionsjs-string": {
            "version": "file:../../../../Node.js/Registries/extensionsjs-string/1.1.4",
            "dev": true
        }
    }
}
