
Microsoft Visual Studio Solution File, Format Version 12.00
# Visual Studio 14
VisualStudioVersion = 14.0.25420.1
MinimumVisualStudioVersion = 10.0.40219.1
Project("{FAE04EC0-301F-11D3-BF4B-00C04F79EFBC}") = "ExtensionsJS.String", "ExtensionsJS.String\ExtensionsJS.String.csproj", "{31087401-DF7D-4220-995C-9335A9DAD9E6}"
EndProject
Project("{FAE04EC0-301F-11D3-BF4B-00C04F79EFBC}") = "ExtensionsJS.Object", "ExtensionsJS.Object\ExtensionsJS.Object.csproj", "{D3B7E1C6-FB22-4EE3-91D9-34ECED12C664}"
EndProject
Project("{FAE04EC0-301F-11D3-BF4B-00C04F79EFBC}") = "ExtensionsJS.Array", "ExtensionsJS.Array\ExtensionsJS.Array.csproj", "{33B0B519-45A9-4663-BC60-F7924A9F737D}"
EndProject
Project("{FAE04EC0-301F-11D3-BF4B-00C04F79EFBC}") = "ExtensionsJS.TestPackaging", "ExtensionsJS.TestPackaging\ExtensionsJS.TestPackaging.csproj", "{47AC7963-7DB6-4358-A6BA-E52AC0BAF6BB}"
EndProject
Project("{2150E333-8FDC-42A3-9474-1A3956D46DE8}") = "Tools", "Tools", "{17E510A3-D315-4E49-AC5B-83C3316DF85E}"
	ProjectSection(SolutionItems) = preProject
		tools\distribute.cmd = tools\distribute.cmd
	EndProjectSection
EndProject
Project("{FAE04EC0-301F-11D3-BF4B-00C04F79EFBC}") = "ExtensionsJS.Boolean", "ExtensionsJS.Boolean\ExtensionsJS.Boolean.csproj", "{5FD5DF03-B983-45DE-A786-12D95BF71CD8}"
EndProject
Project("{FAE04EC0-301F-11D3-BF4B-00C04F79EFBC}") = "ExtensionsJS.Number", "ExtensionsJS.Number\ExtensionsJS.Number.csproj", "{026D1A4E-FE73-43F0-99B8-BA98F3A3937E}"
EndProject
Project("{FAE04EC0-301F-11D3-BF4B-00C04F79EFBC}") = "ExtensionsJS.Math", "ExtensionsJS.Math\ExtensionsJS.Math.csproj", "{33C19021-F97F-4368-9DEA-DAEC0F9FDAFA}"
EndProject
Project("{FAE04EC0-301F-11D3-BF4B-00C04F79EFBC}") = "ExtensionsJS.Events", "ExtensionsJS.Events\ExtensionsJS.Events.csproj", "{2DD8AEB1-7794-49A3-837E-B7630B889160}"
EndProject
Global
	GlobalSection(SolutionConfigurationPlatforms) = preSolution
		Debug|Any CPU = Debug|Any CPU
		Release|Any CPU = Release|Any CPU
	EndGlobalSection
	GlobalSection(ProjectConfigurationPlatforms) = postSolution
		{31087401-DF7D-4220-995C-9335A9DAD9E6}.Debug|Any CPU.ActiveCfg = Debug|Any CPU
		{31087401-DF7D-4220-995C-9335A9DAD9E6}.Debug|Any CPU.Build.0 = Debug|Any CPU
		{31087401-DF7D-4220-995C-9335A9DAD9E6}.Release|Any CPU.ActiveCfg = Release|Any CPU
		{31087401-DF7D-4220-995C-9335A9DAD9E6}.Release|Any CPU.Build.0 = Release|Any CPU
		{D3B7E1C6-FB22-4EE3-91D9-34ECED12C664}.Debug|Any CPU.ActiveCfg = Debug|Any CPU
		{D3B7E1C6-FB22-4EE3-91D9-34ECED12C664}.Debug|Any CPU.Build.0 = Debug|Any CPU
		{D3B7E1C6-FB22-4EE3-91D9-34ECED12C664}.Release|Any CPU.ActiveCfg = Release|Any CPU
		{D3B7E1C6-FB22-4EE3-91D9-34ECED12C664}.Release|Any CPU.Build.0 = Release|Any CPU
		{33B0B519-45A9-4663-BC60-F7924A9F737D}.Debug|Any CPU.ActiveCfg = Debug|Any CPU
		{33B0B519-45A9-4663-BC60-F7924A9F737D}.Debug|Any CPU.Build.0 = Debug|Any CPU
		{33B0B519-45A9-4663-BC60-F7924A9F737D}.Release|Any CPU.ActiveCfg = Release|Any CPU
		{33B0B519-45A9-4663-BC60-F7924A9F737D}.Release|Any CPU.Build.0 = Release|Any CPU
		{47AC7963-7DB6-4358-A6BA-E52AC0BAF6BB}.Debug|Any CPU.ActiveCfg = Debug|Any CPU
		{47AC7963-7DB6-4358-A6BA-E52AC0BAF6BB}.Debug|Any CPU.Build.0 = Debug|Any CPU
		{47AC7963-7DB6-4358-A6BA-E52AC0BAF6BB}.Release|Any CPU.ActiveCfg = Release|Any CPU
		{47AC7963-7DB6-4358-A6BA-E52AC0BAF6BB}.Release|Any CPU.Build.0 = Release|Any CPU
		{5FD5DF03-B983-45DE-A786-12D95BF71CD8}.Debug|Any CPU.ActiveCfg = Debug|Any CPU
		{5FD5DF03-B983-45DE-A786-12D95BF71CD8}.Debug|Any CPU.Build.0 = Debug|Any CPU
		{5FD5DF03-B983-45DE-A786-12D95BF71CD8}.Release|Any CPU.ActiveCfg = Release|Any CPU
		{5FD5DF03-B983-45DE-A786-12D95BF71CD8}.Release|Any CPU.Build.0 = Release|Any CPU
		{026D1A4E-FE73-43F0-99B8-BA98F3A3937E}.Debug|Any CPU.ActiveCfg = Debug|Any CPU
		{026D1A4E-FE73-43F0-99B8-BA98F3A3937E}.Debug|Any CPU.Build.0 = Debug|Any CPU
		{026D1A4E-FE73-43F0-99B8-BA98F3A3937E}.Release|Any CPU.ActiveCfg = Release|Any CPU
		{026D1A4E-FE73-43F0-99B8-BA98F3A3937E}.Release|Any CPU.Build.0 = Release|Any CPU
		{33C19021-F97F-4368-9DEA-DAEC0F9FDAFA}.Debug|Any CPU.ActiveCfg = Debug|Any CPU
		{33C19021-F97F-4368-9DEA-DAEC0F9FDAFA}.Debug|Any CPU.Build.0 = Debug|Any CPU
		{33C19021-F97F-4368-9DEA-DAEC0F9FDAFA}.Release|Any CPU.ActiveCfg = Release|Any CPU
		{33C19021-F97F-4368-9DEA-DAEC0F9FDAFA}.Release|Any CPU.Build.0 = Release|Any CPU
		{2DD8AEB1-7794-49A3-837E-B7630B889160}.Debug|Any CPU.ActiveCfg = Debug|Any CPU
		{2DD8AEB1-7794-49A3-837E-B7630B889160}.Debug|Any CPU.Build.0 = Debug|Any CPU
		{2DD8AEB1-7794-49A3-837E-B7630B889160}.Release|Any CPU.ActiveCfg = Release|Any CPU
		{2DD8AEB1-7794-49A3-837E-B7630B889160}.Release|Any CPU.Build.0 = Release|Any CPU
	EndGlobalSection
	GlobalSection(SolutionProperties) = preSolution
		HideSolutionNode = FALSE
	EndGlobalSection
EndGlobal
